// !$*UTF8*$!
{
	archiveVersion = 1;
	classes = {
	};
	objectVersion = 50;
	objects = {

/* Begin PBXBuildFile section */
		331E75A820A2C249001E9965 /* UIViewController+BHRouter.m in Sources */ = {isa = PBXBuildFile; fileRef = 331E759220A2C249001E9965 /* UIViewController+BHRouter.m */; };
		331E75A920A2C249001E9965 /* NSObject+BHRouter.m in Sources */ = {isa = PBXBuildFile; fileRef = 331E759920A2C249001E9965 /* NSObject+BHRouter.m */; };
		331E75AA20A2C249001E9965 /* UITableViewCell+BHRouter.m in Sources */ = {isa = PBXBuildFile; fileRef = 331E759C20A2C249001E9965 /* UITableViewCell+BHRouter.m */; };
		331E75AB20A2C249001E9965 /* BHActionRouter.m in Sources */ = {isa = PBXBuildFile; fileRef = 331E759D20A2C249001E9965 /* BHActionRouter.m */; };
		331E75AC20A2C249001E9965 /* BHBaseRouter.m in Sources */ = {isa = PBXBuildFile; fileRef = 331E75A020A2C249001E9965 /* BHBaseRouter.m */; };
		331E75AD20A2C249001E9965 /* BHRoutingAction.m in Sources */ = {isa = PBXBuildFile; fileRef = 331E75A120A2C249001E9965 /* BHRoutingAction.m */; };
		331E75AE20A2C249001E9965 /* BHRoutingBuilder.m in Sources */ = {isa = PBXBuildFile; fileRef = 331E75A220A2C249001E9965 /* BHRoutingBuilder.m */; };
		331E75AF20A2C249001E9965 /* UIButton+BHRouter.m in Sources */ = {isa = PBXBuildFile; fileRef = 331E75A420A2C249001E9965 /* UIButton+BHRouter.m */; };
		331E75B020A2C249001E9965 /* BHRoutingTapGesture.m in Sources */ = {isa = PBXBuildFile; fileRef = 331E75A520A2C249001E9965 /* BHRoutingTapGesture.m */; };
		331E75B120A2C249001E9965 /* UIView+BHRouter.m in Sources */ = {isa = PBXBuildFile; fileRef = 331E75A720A2C249001E9965 /* UIView+BHRouter.m */; };
		339B379C20A0444300B883F0 /* AppDelegate.m in Sources */ = {isa = PBXBuildFile; fileRef = 339B379B20A0444300B883F0 /* AppDelegate.m */; };
		339B379F20A0444300B883F0 /* ViewController.m in Sources */ = {isa = PBXBuildFile; fileRef = 339B379E20A0444300B883F0 /* ViewController.m */; };
		339B37A220A0444300B883F0 /* Main.storyboard in Resources */ = {isa = PBXBuildFile; fileRef = 339B37A020A0444300B883F0 /* Main.storyboard */; };
		339B37A420A0444400B883F0 /* Assets.xcassets in Resources */ = {isa = PBXBuildFile; fileRef = 339B37A320A0444400B883F0 /* Assets.xcassets */; };
		339B37A720A0444400B883F0 /* LaunchScreen.storyboard in Resources */ = {isa = PBXBuildFile; fileRef = 339B37A520A0444400B883F0 /* LaunchScreen.storyboard */; };
		339B37AA20A0444400B883F0 /* main.m in Sources */ = {isa = PBXBuildFile; fileRef = 339B37A920A0444400B883F0 /* main.m */; };
/* End PBXBuildFile section */

/* Begin PBXFileReference section */
		331E759220A2C249001E9965 /* UIViewController+BHRouter.m */ = {isa = PBXFileReference; fileEncoding = 4; lastKnownFileType = sourcecode.c.objc; path = "UIViewController+BHRouter.m"; sourceTree = "<group>"; };
		331E759320A2C249001E9965 /* BHRouter.h */ = {isa = PBXFileReference; fileEncoding = 4; lastKnownFileType = sourcecode.c.h; path = BHRouter.h; sourceTree = "<group>"; };
		331E759420A2C249001E9965 /* BHActionRouter.h */ = {isa = PBXFileReference; fileEncoding = 4; lastKnownFileType = sourcecode.c.h; path = BHActionRouter.h; sourceTree = "<group>"; };
		331E759520A2C249001E9965 /* BHBaseRouter.h */ = {isa = PBXFileReference; fileEncoding = 4; lastKnownFileType = sourcecode.c.h; path = BHBaseRouter.h; sourceTree = "<group>"; };
		331E759620A2C249001E9965 /* BHRoutingBuilder.h */ = {isa = PBXFileReference; fileEncoding = 4; lastKnownFileType = sourcecode.c.h; path = BHRoutingBuilder.h; sourceTree = "<group>"; };
		331E759720A2C249001E9965 /* BHRoutingAction.h */ = {isa = PBXFileReference; fileEncoding = 4; lastKnownFileType = sourcecode.c.h; path = BHRoutingAction.h; sourceTree = "<group>"; };
		331E759820A2C249001E9965 /* UIView+BHRouter.h */ = {isa = PBXFileReference; fileEncoding = 4; lastKnownFileType = sourcecode.c.h; path = "UIView+BHRouter.h"; sourceTree = "<group>"; };
		331E759920A2C249001E9965 /* NSObject+BHRouter.m */ = {isa = PBXFileReference; fileEncoding = 4; lastKnownFileType = sourcecode.c.objc; path = "NSObject+BHRouter.m"; sourceTree = "<group>"; };
		331E759A20A2C249001E9965 /* BHRoutingTapGesture.h */ = {isa = PBXFileReference; fileEncoding = 4; lastKnownFileType = sourcecode.c.h; path = BHRoutingTapGesture.h; sourceTree = "<group>"; };
		331E759B20A2C249001E9965 /* UIButton+BHRouter.h */ = {isa = PBXFileReference; fileEncoding = 4; lastKnownFileType = sourcecode.c.h; path = "UIButton+BHRouter.h"; sourceTree = "<group>"; };
		331E759C20A2C249001E9965 /* UITableViewCell+BHRouter.m */ = {isa = PBXFileReference; fileEncoding = 4; lastKnownFileType = sourcecode.c.objc; path = "UITableViewCell+BHRouter.m"; sourceTree = "<group>"; };
		331E759D20A2C249001E9965 /* BHActionRouter.m */ = {isa = PBXFileReference; fileEncoding = 4; lastKnownFileType = sourcecode.c.objc; path = BHActionRouter.m; sourceTree = "<group>"; };
		331E759E20A2C249001E9965 /* UIViewController+BHRouter.h */ = {isa = PBXFileReference; fileEncoding = 4; lastKnownFileType = sourcecode.c.h; path = "UIViewController+BHRouter.h"; sourceTree = "<group>"; };
		331E759F20A2C249001E9965 /* BHRoutingProtocol.h */ = {isa = PBXFileReference; fileEncoding = 4; lastKnownFileType = sourcecode.c.h; path = BHRoutingProtocol.h; sourceTree = "<group>"; };
		331E75A020A2C249001E9965 /* BHBaseRouter.m */ = {isa = PBXFileReference; fileEncoding = 4; lastKnownFileType = sourcecode.c.objc; path = BHBaseRouter.m; sourceTree = "<group>"; };
		331E75A120A2C249001E9965 /* BHRoutingAction.m */ = {isa = PBXFileReference; fileEncoding = 4; lastKnownFileType = sourcecode.c.objc; path = BHRoutingAction.m; sourceTree = "<group>"; };
		331E75A220A2C249001E9965 /* BHRoutingBuilder.m */ = {isa = PBXFileReference; fileEncoding = 4; lastKnownFileType = sourcecode.c.objc; path = BHRoutingBuilder.m; sourceTree = "<group>"; };
		331E75A320A2C249001E9965 /* UITableViewCell+BHRouter.h */ = {isa = PBXFileReference; fileEncoding = 4; lastKnownFileType = sourcecode.c.h; path = "UITableViewCell+BHRouter.h"; sourceTree = "<group>"; };
		331E75A420A2C249001E9965 /* UIButton+BHRouter.m */ = {isa = PBXFileReference; fileEncoding = 4; lastKnownFileType = sourcecode.c.objc; path = "UIButton+BHRouter.m"; sourceTree = "<group>"; };
		331E75A520A2C249001E9965 /* BHRoutingTapGesture.m */ = {isa = PBXFileReference; fileEncoding = 4; lastKnownFileType = sourcecode.c.objc; path = BHRoutingTapGesture.m; sourceTree = "<group>"; };
		331E75A620A2C249001E9965 /* NSObject+BHRouter.h */ = {isa = PBXFileReference; fileEncoding = 4; lastKnownFileType = sourcecode.c.h; path = "NSObject+BHRouter.h"; sourceTree = "<group>"; };
		331E75A720A2C249001E9965 /* UIView+BHRouter.m */ = {isa = PBXFileReference; fileEncoding = 4; lastKnownFileType = sourcecode.c.objc; path = "UIView+BHRouter.m"; sourceTree = "<group>"; };
		339B379720A0444300B883F0 /* TestPod.app */ = {isa = PBXFileReference; explicitFileType = wrapper.application; includeInIndex = 0; path = TestPod.app; sourceTree = BUILT_PRODUCTS_DIR; };
		339B379A20A0444300B883F0 /* AppDelegate.h */ = {isa = PBXFileReference; lastKnownFileType = sourcecode.c.h; path = AppDelegate.h; sourceTree = "<group>"; };
		339B379B20A0444300B883F0 /* AppDelegate.m */ = {isa = PBXFileReference; lastKnownFileType = sourcecode.c.objc; path = AppDelegate.m; sourceTree = "<group>"; };
		339B379D20A0444300B883F0 /* ViewController.h */ = {isa = PBXFileReference; lastKnownFileType = sourcecode.c.h; path = ViewController.h; sourceTree = "<group>"; };
		339B379E20A0444300B883F0 /* ViewController.m */ = {isa = PBXFileReference; lastKnownFileType = sourcecode.c.objc; path = ViewController.m; sourceTree = "<group>"; };
		339B37A120A0444300B883F0 /* Base */ = {isa = PBXFileReference; lastKnownFileType = file.storyboard; name = Base; path = Base.lproj/Main.storyboard; sourceTree = "<group>"; };
		339B37A320A0444400B883F0 /* Assets.xcassets */ = {isa = PBXFileReference; lastKnownFileType = folder.assetcatalog; path = Assets.xcassets; sourceTree = "<group>"; };
		339B37A620A0444400B883F0 /* Base */ = {isa = PBXFileReference; lastKnownFileType = file.storyboard; name = Base; path = Base.lproj/LaunchScreen.storyboard; sourceTree = "<group>"; };
		339B37A820A0444400B883F0 /* Info.plist */ = {isa = PBXFileReference; lastKnownFileType = text.plist.xml; path = Info.plist; sourceTree = "<group>"; };
		339B37A920A0444400B883F0 /* main.m */ = {isa = PBXFileReference; lastKnownFileType = sourcecode.c.objc; path = main.m; sourceTree = "<group>"; };
/* End PBXFileReference section */

/* Begin PBXFrameworksBuildPhase section */
		339B379420A0444300B883F0 /* Frameworks */ = {
			isa = PBXFrameworksBuildPhase;
			buildActionMask = 2147483647;
			files = (
			);
			runOnlyForDeploymentPostprocessing = 0;
		};
/* End PBXFrameworksBuildPhase section */

/* Begin PBXGroup section */
		331E759120A2C249001E9965 /* Router */ = {
			isa = PBXGroup;
			children = (
				331E759220A2C249001E9965 /* UIViewController+BHRouter.m */,
				331E759320A2C249001E9965 /* BHRouter.h */,
				331E759420A2C249001E9965 /* BHActionRouter.h */,
				331E759520A2C249001E9965 /* BHBaseRouter.h */,
				331E759620A2C249001E9965 /* BHRoutingBuilder.h */,
				331E759720A2C249001E9965 /* BHRoutingAction.h */,
				331E759820A2C249001E9965 /* UIView+BHRouter.h */,
				331E759920A2C249001E9965 /* NSObject+BHRouter.m */,
				331E759A20A2C249001E9965 /* BHRoutingTapGesture.h */,
				331E759B20A2C249001E9965 /* UIButton+BHRouter.h */,
				331E759C20A2C249001E9965 /* UITableViewCell+BHRouter.m */,
				331E759D20A2C249001E9965 /* BHActionRouter.m */,
				331E759E20A2C249001E9965 /* UIViewController+BHRouter.h */,
				331E759F20A2C249001E9965 /* BHRoutingProtocol.h */,
				331E75A020A2C249001E9965 /* BHBaseRouter.m */,
				331E75A120A2C249001E9965 /* BHRoutingAction.m */,
				331E75A220A2C249001E9965 /* BHRoutingBuilder.m */,
				331E75A320A2C249001E9965 /* UITableViewCell+BHRouter.h */,
				331E75A420A2C249001E9965 /* UIButton+BHRouter.m */,
				331E75A520A2C249001E9965 /* BHRoutingTapGesture.m */,
				331E75A620A2C249001E9965 /* NSObject+BHRouter.h */,
				331E75A720A2C249001E9965 /* UIView+BHRouter.m */,
			);
			name = Router;
			path = ../Router;
			sourceTree = "<group>";
		};
		339B378E20A0444300B883F0 = {
			isa = PBXGroup;
			children = (
				331E759120A2C249001E9965 /* Router */,
				339B379920A0444300B883F0 /* TestPod */,
				339B379820A0444300B883F0 /* Products */,
			);
			sourceTree = "<group>";
		};
		339B379820A0444300B883F0 /* Products */ = {
			isa = PBXGroup;
			children = (
				339B379720A0444300B883F0 /* TestPod.app */,
			);
			name = Products;
			sourceTree = "<group>";
		};
		339B379920A0444300B883F0 /* TestPod */ = {
			isa = PBXGroup;
			children = (
				339B379A20A0444300B883F0 /* AppDelegate.h */,
				339B379B20A0444300B883F0 /* AppDelegate.m */,
				339B379D20A0444300B883F0 /* ViewController.h */,
				339B379E20A0444300B883F0 /* ViewController.m */,
				339B37A020A0444300B883F0 /* Main.storyboard */,
				339B37A320A0444400B883F0 /* Assets.xcassets */,
				339B37A520A0444400B883F0 /* LaunchScreen.storyboard */,
				339B37A820A0444400B883F0 /* Info.plist */,
				339B37A920A0444400B883F0 /* main.m */,
			);
			path = TestPod;
			sourceTree = "<group>";
		};
/* End PBXGroup section */

/* Begin PBXNativeTarget section */
		339B379620A0444300B883F0 /* TestPod */ = {
			isa = PBXNativeTarget;
			buildConfigurationList = 339B37AD20A0444400B883F0 /* Build configuration list for PBXNativeTarget "TestPod" */;
			buildPhases = (
				339B379320A0444300B883F0 /* Sources */,
				339B379420A0444300B883F0 /* Frameworks */,
				339B379520A0444300B883F0 /* Resources */,
			);
			buildRules = (
			);
			dependencies = (
			);
			name = TestPod;
			productName = TestPod;
			productReference = 339B379720A0444300B883F0 /* TestPod.app */;
			productType = "com.apple.product-type.application";
		};
/* End PBXNativeTarget section */

/* Begin PBXProject section */
		339B378F20A0444300B883F0 /* Project object */ = {
			isa = PBXProject;
			attributes = {
				LastUpgradeCheck = 0930;
				ORGANIZATIONNAME = boohee;
				TargetAttributes = {
					339B379620A0444300B883F0 = {
						CreatedOnToolsVersion = 9.3;
					};
				};
			};
			buildConfigurationList = 339B379220A0444300B883F0 /* Build configuration list for PBXProject "TestPod" */;
			compatibilityVersion = "Xcode 9.3";
			developmentRegion = en;
			hasScannedForEncodings = 0;
			knownRegions = (
				en,
				Base,
			);
			mainGroup = 339B378E20A0444300B883F0;
			productRefGroup = 339B379820A0444300B883F0 /* Products */;
			projectDirPath = "";
			projectRoot = "";
			targets = (
				339B379620A0444300B883F0 /* TestPod */,
			);
		};
/* End PBXProject section */

/* Begin PBXResourcesBuildPhase section */
		339B379520A0444300B883F0 /* Resources */ = {
			isa = PBXResourcesBuildPhase;
			buildActionMask = 2147483647;
			files = (
				339B37A720A0444400B883F0 /* LaunchScreen.storyboard in Resources */,
				339B37A420A0444400B883F0 /* Assets.xcassets in Resources */,
				339B37A220A0444300B883F0 /* Main.storyboard in Resources */,
			);
			runOnlyForDeploymentPostprocessing = 0;
		};
/* End PBXResourcesBuildPhase section */

/* Begin PBXSourcesBuildPhase section */
		339B379320A0444300B883F0 /* Sources */ = {
			isa = PBXSourcesBuildPhase;
			buildActionMask = 2147483647;
			files = (
				339B379F20A0444300B883F0 /* ViewController.m in Sources */,
				331E75AE20A2C249001E9965 /* BHRoutingBuilder.m in Sources */,
				331E75A920A2C249001E9965 /* NSObject+BHRouter.m in Sources */,
				339B37AA20A0444400B883F0 /* main.m in Sources */,
				331E75AD20A2C249001E9965 /* BHRoutingAction.m in Sources */,
				339B379C20A0444300B883F0 /* AppDelegate.m in Sources */,
				331E75AA20A2C249001E9965 /* UITableViewCell+BHRouter.m in Sources */,
				331E75A820A2C249001E9965 /* UIViewController+BHRouter.m in Sources */,
				331E75B020A2C249001E9965 /* BHRoutingTapGesture.m in Sources */,
				331E75AF20A2C249001E9965 /* UIButton+BHRouter.m in Sources */,
				331E75B120A2C249001E9965 /* UIView+BHRouter.m in Sources */,
				331E75AC20A2C249001E9965 /* BHBaseRouter.m in Sources */,
				331E75AB20A2C249001E9965 /* BHActionRouter.m in Sources */,
			);
			runOnlyForDeploymentPostprocessing = 0;
		};
/* End PBXSourcesBuildPhase section */

/* Begin PBXVariantGroup section */
		339B37A020A0444300B883F0 /* Main.storyboard */ = {
			isa = PBXVariantGroup;
			children = (
				339B37A120A0444300B883F0 /* Base */,
			);
			name = Main.storyboard;
			sourceTree = "<group>";
		};
		339B37A520A0444400B883F0 /* LaunchScreen.storyboard */ = {
			isa = PBXVariantGroup;
			children = (
				339B37A620A0444400B883F0 /* Base */,
			);
			name = LaunchScreen.storyboard;
			sourceTree = "<group>";
		};
/* End PBXVariantGroup section */

/* Begin XCBuildConfiguration section */
		339B37AB20A0444400B883F0 /* Debug */ = {
			isa = XCBuildConfiguration;
			buildSettings = {
				ALWAYS_SEARCH_USER_PATHS = NO;
				CLANG_ANALYZER_NONNULL = YES;
				CLANG_ANALYZER_NUMBER_OBJECT_CONVERSION = YES_AGGRESSIVE;
				CLANG_CXX_LANGUAGE_STANDARD = "gnu++14";
				CLANG_CXX_LIBRARY = "libc++";
				CLANG_ENABLE_MODULES = YES;
				CLANG_ENABLE_OBJC_ARC = YES;
				CLANG_ENABLE_OBJC_WEAK = YES;
				CLANG_WARN_BLOCK_CAPTURE_AUTORELEASING = YES;
				CLANG_WARN_BOOL_CONVERSION = YES;
				CLANG_WARN_COMMA = YES;
				CLANG_WARN_CONSTANT_CONVERSION = YES;
				CLANG_WARN_DEPRECATED_OBJC_IMPLEMENTATIONS = YES;
				CLANG_WARN_DIRECT_OBJC_ISA_USAGE = YES_ERROR;
				CLANG_WARN_DOCUMENTATION_COMMENTS = YES;
				CLANG_WARN_EMPTY_BODY = YES;
				CLANG_WARN_ENUM_CONVERSION = YES;
				CLANG_WARN_INFINITE_RECURSION = YES;
				CLANG_WARN_INT_CONVERSION = YES;
				CLANG_WARN_NON_LITERAL_NULL_CONVERSION = YES;
				CLANG_WARN_OBJC_IMPLICIT_RETAIN_SELF = YES;
				CLANG_WARN_OBJC_LITERAL_CONVERSION = YES;
				CLANG_WARN_OBJC_ROOT_CLASS = YES_ERROR;
				CLANG_WARN_RANGE_LOOP_ANALYSIS = YES;
				CLANG_WARN_STRICT_PROTOTYPES = YES;
				CLANG_WARN_SUSPICIOUS_MOVE = YES;
				CLANG_WARN_UNGUARDED_AVAILABILITY = YES_AGGRESSIVE;
				CLANG_WARN_UNREACHABLE_CODE = YES;
				CLANG_WARN__DUPLICATE_METHOD_MATCH = YES;
				CODE_SIGN_IDENTITY = "iPhone Developer";
				COPY_PHASE_STRIP = NO;
				DEBUG_INFORMATION_FORMAT = dwarf;
				ENABLE_STRICT_OBJC_MSGSEND = YES;
				ENABLE_TESTABILITY = YES;
				GCC_C_LANGUAGE_STANDARD = gnu11;
				GCC_DYNAMIC_NO_PIC = NO;
				GCC_NO_COMMON_BLOCKS = YES;
				GCC_OPTIMIZATION_LEVEL = 0;
				GCC_PREPROCESSOR_DEFINITIONS = (
					"DEBUG=1",
					"$(inherited)",
				);
				GCC_WARN_64_TO_32_BIT_CONVERSION = YES;
				GCC_WARN_ABOUT_RETURN_TYPE = YES_ERROR;
				GCC_WARN_UNDECLARED_SELECTOR = YES;
				GCC_WARN_UNINITIALIZED_AUTOS = YES_AGGRESSIVE;
				GCC_WARN_UNUSED_FUNCTION = YES;
				GCC_WARN_UNUSED_VARIABLE = YES;
				IPHONEOS_DEPLOYMENT_TARGET = 11.3;
				MTL_ENABLE_DEBUG_INFO = YES;
				ONLY_ACTIVE_ARCH = YES;
				SDKROOT = iphoneos;
			};
			name = Debug;
		};
		339B37AC20A0444400B883F0 /* Release */ = {
			isa = XCBuildConfiguration;
			buildSettings = {
				ALWAYS_SEARCH_USER_PATHS = NO;
				CLANG_ANALYZER_NONNULL = YES;
				CLANG_ANALYZER_NUMBER_OBJECT_CONVERSION = YES_AGGRESSIVE;
				CLANG_CXX_LANGUAGE_STANDARD = "gnu++14";
				CLANG_CXX_LIBRARY = "libc++";
				CLANG_ENABLE_MODULES = YES;
				CLANG_ENABLE_OBJC_ARC = YES;
				CLANG_ENABLE_OBJC_WEAK = YES;
				CLANG_WARN_BLOCK_CAPTURE_AUTORELEASING = YES;
				CLANG_WARN_BOOL_CONVERSION = YES;
				CLANG_WARN_COMMA = YES;
				CLANG_WARN_CONSTANT_CONVERSION = YES;
				CLANG_WARN_DEPRECATED_OBJC_IMPLEMENTATIONS = YES;
				CLANG_WARN_DIRECT_OBJC_ISA_USAGE = YES_ERROR;
				CLANG_WARN_DOCUMENTATION_COMMENTS = YES;
				CLANG_WARN_EMPTY_BODY = YES;
				CLANG_WARN_ENUM_CONVERSION = YES;
				CLANG_WARN_INFINITE_RECURSION = YES;
				CLANG_WARN_INT_CONVERSION = YES;
				CLANG_WARN_NON_LITERAL_NULL_CONVERSION = YES;
				CLANG_WARN_OBJC_IMPLICIT_RETAIN_SELF = YES;
				CLANG_WARN_OBJC_LITERAL_CONVERSION = YES;
				CLANG_WARN_OBJC_ROOT_CLASS = YES_ERROR;
				CLANG_WARN_RANGE_LOOP_ANALYSIS = YES;
				CLANG_WARN_STRICT_PROTOTYPES = YES;
				CLANG_WARN_SUSPICIOUS_MOVE = YES;
				CLANG_WARN_UNGUARDED_AVAILABILITY = YES_AGGRESSIVE;
				CLANG_WARN_UNREACHABLE_CODE = YES;
				CLANG_WARN__DUPLICATE_METHOD_MATCH = YES;
				CODE_SIGN_IDENTITY = "iPhone Developer";
				COPY_PHASE_STRIP = NO;
				DEBUG_INFORMATION_FORMAT = "dwarf-with-dsym";
				ENABLE_NS_ASSERTIONS = NO;
				ENABLE_STRICT_OBJC_MSGSEND = YES;
				GCC_C_LANGUAGE_STANDARD = gnu11;
				GCC_NO_COMMON_BLOCKS = YES;
				GCC_WARN_64_TO_32_BIT_CONVERSION = YES;
				GCC_WARN_ABOUT_RETURN_TYPE = YES_ERROR;
				GCC_WARN_UNDECLARED_SELECTOR = YES;
				GCC_WARN_UNINITIALIZED_AUTOS = YES_AGGRESSIVE;
				GCC_WARN_UNUSED_FUNCTION = YES;
				GCC_WARN_UNUSED_VARIABLE = YES;
				IPHONEOS_DEPLOYMENT_TARGET = 11.3;
				MTL_ENABLE_DEBUG_INFO = NO;
				SDKROOT = iphoneos;
				VALIDATE_PRODUCT = YES;
			};
			name = Release;
		};
		339B37AE20A0444400B883F0 /* Debug */ = {
			isa = XCBuildConfiguration;
			buildSettings = {
				ASSETCATALOG_COMPILER_APPICON_NAME = AppIcon;
				CODE_SIGN_STYLE = Automatic;
				DEVELOPMENT_TEAM = CZSNHNBUE8;
				INFOPLIST_FILE = TestPod/Info.plist;
				LD_RUNPATH_SEARCH_PATHS = (
					"$(inherited)",
					"@executable_path/Frameworks",
				);
				PRODUCT_BUNDLE_IDENTIFIER = boohee.TestPod;
				PRODUCT_NAME = "$(TARGET_NAME)";
				TARGETED_DEVICE_FAMILY = "1,2";
			};
			name = Debug;
		};
		339B37AF20A0444400B883F0 /* Release */ = {
			isa = XCBuildConfiguration;
			buildSettings = {
				ASSETCATALOG_COMPILER_APPICON_NAME = AppIcon;
				CODE_SIGN_STYLE = Automatic;
				DEVELOPMENT_TEAM = CZSNHNBUE8;
				INFOPLIST_FILE = TestPod/Info.plist;
				LD_RUNPATH_SEARCH_PATHS = (
					"$(inherited)",
					"@executable_path/Frameworks",
				);
				PRODUCT_BUNDLE_IDENTIFIER = boohee.TestPod;
				PRODUCT_NAME = "$(TARGET_NAME)";
				TARGETED_DEVICE_FAMILY = "1,2";
			};
			name = Release;
		};
/* End XCBuildConfiguration section */

/* Begin XCConfigurationList section */
		339B379220A0444300B883F0 /* Build configuration list for PBXProject "TestPod" */ = {
			isa = XCConfigurationList;
			buildConfigurations = (
				339B37AB20A0444400B883F0 /* Debug */,
				339B37AC20A0444400B883F0 /* Release */,
			);
			defaultConfigurationIsVisible = 0;
			defaultConfigurationName = Release;
		};
		339B37AD20A0444400B883F0 /* Build configuration list for PBXNativeTarget "TestPod" */ = {
			isa = XCConfigurationList;
			buildConfigurations = (
				339B37AE20A0444400B883F0 /* Debug */,
				339B37AF20A0444400B883F0 /* Release */,
			);
			defaultConfigurationIsVisible = 0;
			defaultConfigurationName = Release;
		};
/* End XCConfigurationList section */
	};
	rootObject = 339B378F20A0444300B883F0 /* Project object */;
}
